// !$*UTF8*$!
{
	archiveVersion = 1;
	classes = {
	};
	objectVersion = 46;
	objects = {

/* Begin PBXBuildFile section */
		8F00AA3B1AF1666C00A3BCA5 /* PullRequestCell.swift in Sources */ = {isa = PBXBuildFile; fileRef = 8F00AA371AF1666C00A3BCA5 /* PullRequestCell.swift */; };
		8F00AA3C1AF1666C00A3BCA5 /* PullRequestViewController.swift in Sources */ = {isa = PBXBuildFile; fileRef = 8F00AA381AF1666C00A3BCA5 /* PullRequestViewController.swift */; };
		8F00AA3D1AF1666C00A3BCA5 /* RepoCell.swift in Sources */ = {isa = PBXBuildFile; fileRef = 8F00AA391AF1666C00A3BCA5 /* RepoCell.swift */; };
		8F00AA3E1AF1666C00A3BCA5 /* RepoListViewController.swift in Sources */ = {isa = PBXBuildFile; fileRef = 8F00AA3A1AF1666C00A3BCA5 /* RepoListViewController.swift */; };
		8F00AA401AF16A4200A3BCA5 /* Constants.swift in Sources */ = {isa = PBXBuildFile; fileRef = 8F00AA3F1AF16A4200A3BCA5 /* Constants.swift */; };
		8F6223D81AEFEC9F007EF38C /* AppDelegate.swift in Sources */ = {isa = PBXBuildFile; fileRef = 8F6223D71AEFEC9F007EF38C /* AppDelegate.swift */; };
		8F6223DB1AEFEC9F007EF38C /* GithubDisplayer.xcdatamodeld in Sources */ = {isa = PBXBuildFile; fileRef = 8F6223D91AEFEC9F007EF38C /* GithubDisplayer.xcdatamodeld */; };
		8F6223DD1AEFEC9F007EF38C /* ViewController.swift in Sources */ = {isa = PBXBuildFile; fileRef = 8F6223DC1AEFEC9F007EF38C /* ViewController.swift */; };
		8F6223E01AEFEC9F007EF38C /* Main.storyboard in Resources */ = {isa = PBXBuildFile; fileRef = 8F6223DE1AEFEC9F007EF38C /* Main.storyboard */; };
		8F6223E21AEFEC9F007EF38C /* Images.xcassets in Resources */ = {isa = PBXBuildFile; fileRef = 8F6223E11AEFEC9F007EF38C /* Images.xcassets */; };
		8F6223E51AEFEC9F007EF38C /* LaunchScreen.xib in Resources */ = {isa = PBXBuildFile; fileRef = 8F6223E31AEFEC9F007EF38C /* LaunchScreen.xib */; };
		8F6223F11AEFEC9F007EF38C /* GithubDisplayerTests.swift in Sources */ = {isa = PBXBuildFile; fileRef = 8F6223F01AEFEC9F007EF38C /* GithubDisplayerTests.swift */; };
		8F6223FD1AEFEEC0007EF38C /* ConnectionManager.swift in Sources */ = {isa = PBXBuildFile; fileRef = 8F6223FC1AEFEEC0007EF38C /* ConnectionManager.swift */; };
		8FDA24331AF2A5A300E36DE7 /* ContentManager.swift in Sources */ = {isa = PBXBuildFile; fileRef = 8FDA24321AF2A5A300E36DE7 /* ContentManager.swift */; };
		8FF19CB81AF1397700E04A9D /* GitUser.swift in Sources */ = {isa = PBXBuildFile; fileRef = 8FF19CB71AF1397700E04A9D /* GitUser.swift */; };
		8FF19CBA1AF13B0200E04A9D /* CoreDataManager.swift in Sources */ = {isa = PBXBuildFile; fileRef = 8FF19CB91AF13B0200E04A9D /* CoreDataManager.swift */; };
		8FF19CBC1AF14F3900E04A9D /* SwiftyJSON.swift in Sources */ = {isa = PBXBuildFile; fileRef = 8FF19CBB1AF14F3900E04A9D /* SwiftyJSON.swift */; };
		D4AB98B01AF155E500A09AA4 /* GitRepo.swift in Sources */ = {isa = PBXBuildFile; fileRef = D4AB98AF1AF155E500A09AA4 /* GitRepo.swift */; };
		D4AB98B81AF1716500A09AA4 /* GitPull.swift in Sources */ = {isa = PBXBuildFile; fileRef = D4AB98B71AF1716500A09AA4 /* GitPull.swift */; };
		D4AB98BA1AF1716600A09AA4 /* GitLabel.swift in Sources */ = {isa = PBXBuildFile; fileRef = D4AB98B91AF1716600A09AA4 /* GitLabel.swift */; };
/* End PBXBuildFile section */

/* Begin PBXContainerItemProxy section */
		8F6223EB1AEFEC9F007EF38C /* PBXContainerItemProxy */ = {
			isa = PBXContainerItemProxy;
			containerPortal = 8F6223CA1AEFEC9F007EF38C /* Project object */;
			proxyType = 1;
			remoteGlobalIDString = 8F6223D11AEFEC9F007EF38C;
			remoteInfo = GithubDisplayer;
		};
/* End PBXContainerItemProxy section */

/* Begin PBXFileReference section */
		8F00AA371AF1666C00A3BCA5 /* PullRequestCell.swift */ = {isa = PBXFileReference; fileEncoding = 4; lastKnownFileType = sourcecode.swift; path = PullRequestCell.swift; sourceTree = "<group>"; };
		8F00AA381AF1666C00A3BCA5 /* PullRequestViewController.swift */ = {isa = PBXFileReference; fileEncoding = 4; lastKnownFileType = sourcecode.swift; path = PullRequestViewController.swift; sourceTree = "<group>"; };
		8F00AA391AF1666C00A3BCA5 /* RepoCell.swift */ = {isa = PBXFileReference; fileEncoding = 4; lastKnownFileType = sourcecode.swift; path = RepoCell.swift; sourceTree = "<group>"; };
		8F00AA3A1AF1666C00A3BCA5 /* RepoListViewController.swift */ = {isa = PBXFileReference; fileEncoding = 4; lastKnownFileType = sourcecode.swift; path = RepoListViewController.swift; sourceTree = "<group>"; };
		8F00AA3F1AF16A4200A3BCA5 /* Constants.swift */ = {isa = PBXFileReference; fileEncoding = 4; lastKnownFileType = sourcecode.swift; path = Constants.swift; sourceTree = "<group>"; };
		8F6223D21AEFEC9F007EF38C /* GithubDisplayer.app */ = {isa = PBXFileReference; explicitFileType = wrapper.application; includeInIndex = 0; path = GithubDisplayer.app; sourceTree = BUILT_PRODUCTS_DIR; };
		8F6223D61AEFEC9F007EF38C /* Info.plist */ = {isa = PBXFileReference; lastKnownFileType = text.plist.xml; path = Info.plist; sourceTree = "<group>"; };
		8F6223D71AEFEC9F007EF38C /* AppDelegate.swift */ = {isa = PBXFileReference; lastKnownFileType = sourcecode.swift; path = AppDelegate.swift; sourceTree = "<group>"; };
		8F6223DA1AEFEC9F007EF38C /* GithubDisplayer.xcdatamodel */ = {isa = PBXFileReference; lastKnownFileType = wrapper.xcdatamodel; path = GithubDisplayer.xcdatamodel; sourceTree = "<group>"; };
		8F6223DC1AEFEC9F007EF38C /* ViewController.swift */ = {isa = PBXFileReference; lastKnownFileType = sourcecode.swift; path = ViewController.swift; sourceTree = "<group>"; };
		8F6223DF1AEFEC9F007EF38C /* Base */ = {isa = PBXFileReference; lastKnownFileType = file.storyboard; name = Base; path = Base.lproj/Main.storyboard; sourceTree = "<group>"; };
		8F6223E11AEFEC9F007EF38C /* Images.xcassets */ = {isa = PBXFileReference; lastKnownFileType = folder.assetcatalog; path = Images.xcassets; sourceTree = "<group>"; };
		8F6223E41AEFEC9F007EF38C /* Base */ = {isa = PBXFileReference; lastKnownFileType = file.xib; name = Base; path = Base.lproj/LaunchScreen.xib; sourceTree = "<group>"; };
		8F6223EA1AEFEC9F007EF38C /* GithubDisplayerTests.xctest */ = {isa = PBXFileReference; explicitFileType = wrapper.cfbundle; includeInIndex = 0; path = GithubDisplayerTests.xctest; sourceTree = BUILT_PRODUCTS_DIR; };
		8F6223EF1AEFEC9F007EF38C /* Info.plist */ = {isa = PBXFileReference; lastKnownFileType = text.plist.xml; path = Info.plist; sourceTree = "<group>"; };
		8F6223F01AEFEC9F007EF38C /* GithubDisplayerTests.swift */ = {isa = PBXFileReference; lastKnownFileType = sourcecode.swift; path = GithubDisplayerTests.swift; sourceTree = "<group>"; };
		8F6223FC1AEFEEC0007EF38C /* ConnectionManager.swift */ = {isa = PBXFileReference; fileEncoding = 4; lastKnownFileType = sourcecode.swift; path = ConnectionManager.swift; sourceTree = "<group>"; };
		8FDA24321AF2A5A300E36DE7 /* ContentManager.swift */ = {isa = PBXFileReference; fileEncoding = 4; lastKnownFileType = sourcecode.swift; path = ContentManager.swift; sourceTree = "<group>"; };
		8FF19CB71AF1397700E04A9D /* GitUser.swift */ = {isa = PBXFileReference; fileEncoding = 4; lastKnownFileType = sourcecode.swift; path = GitUser.swift; sourceTree = "<group>"; };
		8FF19CB91AF13B0200E04A9D /* CoreDataManager.swift */ = {isa = PBXFileReference; fileEncoding = 4; lastKnownFileType = sourcecode.swift; path = CoreDataManager.swift; sourceTree = "<group>"; };
		8FF19CBB1AF14F3900E04A9D /* SwiftyJSON.swift */ = {isa = PBXFileReference; fileEncoding = 4; lastKnownFileType = sourcecode.swift; path = SwiftyJSON.swift; sourceTree = "<group>"; };
		D4AB98AF1AF155E500A09AA4 /* GitRepo.swift */ = {isa = PBXFileReference; fileEncoding = 4; lastKnownFileType = sourcecode.swift; path = GitRepo.swift; sourceTree = "<group>"; };
		D4AB98B71AF1716500A09AA4 /* GitPull.swift */ = {isa = PBXFileReference; fileEncoding = 4; lastKnownFileType = sourcecode.swift; path = GitPull.swift; sourceTree = "<group>"; };
		D4AB98B91AF1716600A09AA4 /* GitLabel.swift */ = {isa = PBXFileReference; fileEncoding = 4; lastKnownFileType = sourcecode.swift; path = GitLabel.swift; sourceTree = "<group>"; };
/* End PBXFileReference section */

/* Begin PBXFrameworksBuildPhase section */
		8F6223CF1AEFEC9F007EF38C /* Frameworks */ = {
			isa = PBXFrameworksBuildPhase;
			buildActionMask = 2147483647;
			files = (
			);
			runOnlyForDeploymentPostprocessing = 0;
		};
		8F6223E71AEFEC9F007EF38C /* Frameworks */ = {
			isa = PBXFrameworksBuildPhase;
			buildActionMask = 2147483647;
			files = (
			);
			runOnlyForDeploymentPostprocessing = 0;
		};
/* End PBXFrameworksBuildPhase section */

/* Begin PBXGroup section */
		8F6223C91AEFEC9F007EF38C = {
			isa = PBXGroup;
			children = (
				8F6223D41AEFEC9F007EF38C /* GithubDisplayer */,
				8F6223ED1AEFEC9F007EF38C /* GithubDisplayerTests */,
				8F6223D31AEFEC9F007EF38C /* Products */,
			);
			sourceTree = "<group>";
		};
		8F6223D31AEFEC9F007EF38C /* Products */ = {
			isa = PBXGroup;
			children = (
				8F6223D21AEFEC9F007EF38C /* GithubDisplayer.app */,
				8F6223EA1AEFEC9F007EF38C /* GithubDisplayerTests.xctest */,
			);
			name = Products;
			sourceTree = "<group>";
		};
		8F6223D41AEFEC9F007EF38C /* GithubDisplayer */ = {
			isa = PBXGroup;
			children = (
				8F6223FE1AEFEEC5007EF38C /* Models */,
				8F6223FB1AEFEE77007EF38C /* Views */,
				8F6223FA1AEFEE70007EF38C /* Managers */,
				8F00AA3F1AF16A4200A3BCA5 /* Constants.swift */,
				8F6223D71AEFEC9F007EF38C /* AppDelegate.swift */,
				8F6223DC1AEFEC9F007EF38C /* ViewController.swift */,
				8F00AA3F1AF16A4200A3BCA5 /* BaseURL.swift */,
				8F6223DE1AEFEC9F007EF38C /* Main.storyboard */,
				8F6223E11AEFEC9F007EF38C /* Images.xcassets */,
				8F6223E31AEFEC9F007EF38C /* LaunchScreen.xib */,
				8F6223D91AEFEC9F007EF38C /* GithubDisplayer.xcdatamodeld */,
				8F6223D51AEFEC9F007EF38C /* Supporting Files */,
			);
			path = GithubDisplayer;
			sourceTree = "<group>";
		};
		8F6223D51AEFEC9F007EF38C /* Supporting Files */ = {
			isa = PBXGroup;
			children = (
				8F6223D61AEFEC9F007EF38C /* Info.plist */,
			);
			name = "Supporting Files";
			sourceTree = "<group>";
		};
		8F6223ED1AEFEC9F007EF38C /* GithubDisplayerTests */ = {
			isa = PBXGroup;
			children = (
				8F6223F01AEFEC9F007EF38C /* GithubDisplayerTests.swift */,
				8F6223EE1AEFEC9F007EF38C /* Supporting Files */,
			);
			path = GithubDisplayerTests;
			sourceTree = "<group>";
		};
		8F6223EE1AEFEC9F007EF38C /* Supporting Files */ = {
			isa = PBXGroup;
			children = (
				8F6223EF1AEFEC9F007EF38C /* Info.plist */,
			);
			name = "Supporting Files";
			sourceTree = "<group>";
		};
		8F6223FA1AEFEE70007EF38C /* Managers */ = {
			isa = PBXGroup;
			children = (
				8F6223FC1AEFEEC0007EF38C /* ConnectionManager.swift */,
				8FF19CB91AF13B0200E04A9D /* CoreDataManager.swift */,
				8FF19CBB1AF14F3900E04A9D /* SwiftyJSON.swift */,
				8FDA24321AF2A5A300E36DE7 /* ContentManager.swift */,
			);
			name = Managers;
			sourceTree = "<group>";
		};
		8F6223FB1AEFEE77007EF38C /* Views */ = {
			isa = PBXGroup;
			children = (
				8F00AA371AF1666C00A3BCA5 /* PullRequestCell.swift */,
				8F00AA381AF1666C00A3BCA5 /* PullRequestViewController.swift */,
				8F00AA391AF1666C00A3BCA5 /* RepoCell.swift */,
				8F00AA3A1AF1666C00A3BCA5 /* RepoListViewController.swift */,
			);
			name = Views;
			sourceTree = "<group>";
		};
		8F6223FE1AEFEEC5007EF38C /* Models */ = {
			isa = PBXGroup;
			children = (
				8FF19CB71AF1397700E04A9D /* GitUser.swift */,
				D4AB98B91AF1716600A09AA4 /* GitLabel.swift */,
				D4AB98B71AF1716500A09AA4 /* GitPull.swift */,
				D4AB98AF1AF155E500A09AA4 /* GitRepo.swift */,
			);
			name = Models;
			sourceTree = "<group>";
		};
/* End PBXGroup section */

/* Begin PBXNativeTarget section */
		8F6223D11AEFEC9F007EF38C /* GithubDisplayer */ = {
			isa = PBXNativeTarget;
			buildConfigurationList = 8F6223F41AEFEC9F007EF38C /* Build configuration list for PBXNativeTarget "GithubDisplayer" */;
			buildPhases = (
				8F6223CE1AEFEC9F007EF38C /* Sources */,
				8F6223CF1AEFEC9F007EF38C /* Frameworks */,
				8F6223D01AEFEC9F007EF38C /* Resources */,
			);
			buildRules = (
			);
			dependencies = (
			);
			name = GithubDisplayer;
			productName = GithubDisplayer;
			productReference = 8F6223D21AEFEC9F007EF38C /* GithubDisplayer.app */;
			productType = "com.apple.product-type.application";
		};
		8F6223E91AEFEC9F007EF38C /* GithubDisplayerTests */ = {
			isa = PBXNativeTarget;
			buildConfigurationList = 8F6223F71AEFEC9F007EF38C /* Build configuration list for PBXNativeTarget "GithubDisplayerTests" */;
			buildPhases = (
				8F6223E61AEFEC9F007EF38C /* Sources */,
				8F6223E71AEFEC9F007EF38C /* Frameworks */,
				8F6223E81AEFEC9F007EF38C /* Resources */,
			);
			buildRules = (
			);
			dependencies = (
				8F6223EC1AEFEC9F007EF38C /* PBXTargetDependency */,
			);
			name = GithubDisplayerTests;
			productName = GithubDisplayerTests;
			productReference = 8F6223EA1AEFEC9F007EF38C /* GithubDisplayerTests.xctest */;
			productType = "com.apple.product-type.bundle.unit-test";
		};
/* End PBXNativeTarget section */

/* Begin PBXProject section */
		8F6223CA1AEFEC9F007EF38C /* Project object */ = {
			isa = PBXProject;
			attributes = {
				LastUpgradeCheck = 0630;
				ORGANIZATIONNAME = "William Hong Jun Cho";
				TargetAttributes = {
					8F6223D11AEFEC9F007EF38C = {
						CreatedOnToolsVersion = 6.3.1;
					};
					8F6223E91AEFEC9F007EF38C = {
						CreatedOnToolsVersion = 6.3.1;
						TestTargetID = 8F6223D11AEFEC9F007EF38C;
					};
				};
			};
			buildConfigurationList = 8F6223CD1AEFEC9F007EF38C /* Build configuration list for PBXProject "GithubDisplayer" */;
			compatibilityVersion = "Xcode 3.2";
			developmentRegion = English;
			hasScannedForEncodings = 0;
			knownRegions = (
				en,
				Base,
			);
			mainGroup = 8F6223C91AEFEC9F007EF38C;
			productRefGroup = 8F6223D31AEFEC9F007EF38C /* Products */;
			projectDirPath = "";
			projectRoot = "";
			targets = (
				8F6223D11AEFEC9F007EF38C /* GithubDisplayer */,
				8F6223E91AEFEC9F007EF38C /* GithubDisplayerTests */,
			);
		};
/* End PBXProject section */

/* Begin PBXResourcesBuildPhase section */
		8F6223D01AEFEC9F007EF38C /* Resources */ = {
			isa = PBXResourcesBuildPhase;
			buildActionMask = 2147483647;
			files = (
				8F6223E01AEFEC9F007EF38C /* Main.storyboard in Resources */,
				8F6223E51AEFEC9F007EF38C /* LaunchScreen.xib in Resources */,
				8F6223E21AEFEC9F007EF38C /* Images.xcassets in Resources */,
			);
			runOnlyForDeploymentPostprocessing = 0;
		};
		8F6223E81AEFEC9F007EF38C /* Resources */ = {
			isa = PBXResourcesBuildPhase;
			buildActionMask = 2147483647;
			files = (
			);
			runOnlyForDeploymentPostprocessing = 0;
		};
/* End PBXResourcesBuildPhase section */

/* Begin PBXSourcesBuildPhase section */
		8F6223CE1AEFEC9F007EF38C /* Sources */ = {
			isa = PBXSourcesBuildPhase;
			buildActionMask = 2147483647;
			files = (
				8FF19CBA1AF13B0200E04A9D /* CoreDataManager.swift in Sources */,
				D4AB98BA1AF1716600A09AA4 /* GitLabel.swift in Sources */,
				8F6223DD1AEFEC9F007EF38C /* ViewController.swift in Sources */,
				D4AB98B01AF155E500A09AA4 /* GitRepo.swift in Sources */,
				8F6223FD1AEFEEC0007EF38C /* ConnectionManager.swift in Sources */,
				8FDA24331AF2A5A300E36DE7 /* ContentManager.swift in Sources */,
				8F00AA401AF16A4200A3BCA5 /* Constants.swift in Sources */,
				8F00AA3E1AF1666C00A3BCA5 /* RepoListViewController.swift in Sources */,
				8F6223DB1AEFEC9F007EF38C /* GithubDisplayer.xcdatamodeld in Sources */,
				8F00AA3B1AF1666C00A3BCA5 /* PullRequestCell.swift in Sources */,
				8FF19CB81AF1397700E04A9D /* GitUser.swift in Sources */,
				8FF19CBC1AF14F3900E04A9D /* SwiftyJSON.swift in Sources */,
				8F6223D81AEFEC9F007EF38C /* AppDelegate.swift in Sources */,
				8F00AA3D1AF1666C00A3BCA5 /* RepoCell.swift in Sources */,
				D4AB98B81AF1716500A09AA4 /* GitPull.swift in Sources */,
				8F00AA3C1AF1666C00A3BCA5 /* PullRequestViewController.swift in Sources */,
			);
			runOnlyForDeploymentPostprocessing = 0;
		};
		8F6223E61AEFEC9F007EF38C /* Sources */ = {
			isa = PBXSourcesBuildPhase;
			buildActionMask = 2147483647;
			files = (
				8F6223F11AEFEC9F007EF38C /* GithubDisplayerTests.swift in Sources */,
			);
			runOnlyForDeploymentPostprocessing = 0;
		};
/* End PBXSourcesBuildPhase section */

/* Begin PBXTargetDependency section */
		8F6223EC1AEFEC9F007EF38C /* PBXTargetDependency */ = {
			isa = PBXTargetDependency;
			target = 8F6223D11AEFEC9F007EF38C /* GithubDisplayer */;
			targetProxy = 8F6223EB1AEFEC9F007EF38C /* PBXContainerItemProxy */;
		};
/* End PBXTargetDependency section */

/* Begin PBXVariantGroup section */
		8F6223DE1AEFEC9F007EF38C /* Main.storyboard */ = {
			isa = PBXVariantGroup;
			children = (
				8F6223DF1AEFEC9F007EF38C /* Base */,
			);
			name = Main.storyboard;
			sourceTree = "<group>";
		};
		8F6223E31AEFEC9F007EF38C /* LaunchScreen.xib */ = {
			isa = PBXVariantGroup;
			children = (
				8F6223E41AEFEC9F007EF38C /* Base */,
			);
			name = LaunchScreen.xib;
			sourceTree = "<group>";
		};
/* End PBXVariantGroup section */

/* Begin XCBuildConfiguration section */
		8F6223F21AEFEC9F007EF38C /* Debug */ = {
			isa = XCBuildConfiguration;
			buildSettings = {
				ALWAYS_SEARCH_USER_PATHS = NO;
				CLANG_CXX_LANGUAGE_STANDARD = "gnu++0x";
				CLANG_CXX_LIBRARY = "libc++";
				CLANG_ENABLE_MODULES = YES;
				CLANG_ENABLE_OBJC_ARC = YES;
				CLANG_WARN_BOOL_CONVERSION = YES;
				CLANG_WARN_CONSTANT_CONVERSION = YES;
				CLANG_WARN_DIRECT_OBJC_ISA_USAGE = YES_ERROR;
				CLANG_WARN_EMPTY_BODY = YES;
				CLANG_WARN_ENUM_CONVERSION = YES;
				CLANG_WARN_INT_CONVERSION = YES;
				CLANG_WARN_OBJC_ROOT_CLASS = YES_ERROR;
				CLANG_WARN_UNREACHABLE_CODE = YES;
				CLANG_WARN__DUPLICATE_METHOD_MATCH = YES;
				"CODE_SIGN_IDENTITY[sdk=iphoneos*]" = "iPhone Developer";
				COPY_PHASE_STRIP = NO;
				DEBUG_INFORMATION_FORMAT = "dwarf-with-dsym";
				ENABLE_STRICT_OBJC_MSGSEND = YES;
				GCC_C_LANGUAGE_STANDARD = gnu99;
				GCC_DYNAMIC_NO_PIC = NO;
				GCC_NO_COMMON_BLOCKS = YES;
				GCC_OPTIMIZATION_LEVEL = 0;
				GCC_PREPROCESSOR_DEFINITIONS = (
					"DEBUG=1",
					"$(inherited)",
				);
				GCC_SYMBOLS_PRIVATE_EXTERN = NO;
				GCC_WARN_64_TO_32_BIT_CONVERSION = YES;
				GCC_WARN_ABOUT_RETURN_TYPE = YES_ERROR;
				GCC_WARN_UNDECLARED_SELECTOR = YES;
				GCC_WARN_UNINITIALIZED_AUTOS = YES_AGGRESSIVE;
				GCC_WARN_UNUSED_FUNCTION = YES;
				GCC_WARN_UNUSED_VARIABLE = YES;
				IPHONEOS_DEPLOYMENT_TARGET = 8.3;
				MTL_ENABLE_DEBUG_INFO = YES;
				ONLY_ACTIVE_ARCH = YES;
				SDKROOT = iphoneos;
				SWIFT_OPTIMIZATION_LEVEL = "-Onone";
				TARGETED_DEVICE_FAMILY = "1,2";
			};
			name = Debug;
		};
		8F6223F31AEFEC9F007EF38C /* Release */ = {
			isa = XCBuildConfiguration;
			buildSettings = {
				ALWAYS_SEARCH_USER_PATHS = NO;
				CLANG_CXX_LANGUAGE_STANDARD = "gnu++0x";
				CLANG_CXX_LIBRARY = "libc++";
				CLANG_ENABLE_MODULES = YES;
				CLANG_ENABLE_OBJC_ARC = YES;
				CLANG_WARN_BOOL_CONVERSION = YES;
				CLANG_WARN_CONSTANT_CONVERSION = YES;
				CLANG_WARN_DIRECT_OBJC_ISA_USAGE = YES_ERROR;
				CLANG_WARN_EMPTY_BODY = YES;
				CLANG_WARN_ENUM_CONVERSION = YES;
				CLANG_WARN_INT_CONVERSION = YES;
				CLANG_WARN_OBJC_ROOT_CLASS = YES_ERROR;
				CLANG_WARN_UNREACHABLE_CODE = YES;
				CLANG_WARN__DUPLICATE_METHOD_MATCH = YES;
				"CODE_SIGN_IDENTITY[sdk=iphoneos*]" = "iPhone Developer";
				COPY_PHASE_STRIP = NO;
				DEBUG_INFORMATION_FORMAT = "dwarf-with-dsym";
				ENABLE_NS_ASSERTIONS = NO;
				ENABLE_STRICT_OBJC_MSGSEND = YES;
				GCC_C_LANGUAGE_STANDARD = gnu99;
				GCC_NO_COMMON_BLOCKS = YES;
				GCC_WARN_64_TO_32_BIT_CONVERSION = YES;
				GCC_WARN_ABOUT_RETURN_TYPE = YES_ERROR;
				GCC_WARN_UNDECLARED_SELECTOR = YES;
				GCC_WARN_UNINITIALIZED_AUTOS = YES_AGGRESSIVE;
				GCC_WARN_UNUSED_FUNCTION = YES;
				GCC_WARN_UNUSED_VARIABLE = YES;
				IPHONEOS_DEPLOYMENT_TARGET = 8.3;
				MTL_ENABLE_DEBUG_INFO = NO;
				SDKROOT = iphoneos;
				TARGETED_DEVICE_FAMILY = "1,2";
				VALIDATE_PRODUCT = YES;
			};
			name = Release;
		};
		8F6223F51AEFEC9F007EF38C /* Debug */ = {
			isa = XCBuildConfiguration;
			buildSettings = {
				ASSETCATALOG_COMPILER_APPICON_NAME = AppIcon;
				INFOPLIST_FILE = GithubDisplayer/Info.plist;
				LD_RUNPATH_SEARCH_PATHS = "$(inherited) @executable_path/Frameworks";
				PRODUCT_NAME = "$(TARGET_NAME)";
			};
			name = Debug;
		};
		8F6223F61AEFEC9F007EF38C /* Release */ = {
			isa = XCBuildConfiguration;
			buildSettings = {
				ASSETCATALOG_COMPILER_APPICON_NAME = AppIcon;
				INFOPLIST_FILE = GithubDisplayer/Info.plist;
				LD_RUNPATH_SEARCH_PATHS = "$(inherited) @executable_path/Frameworks";
				PRODUCT_NAME = "$(TARGET_NAME)";
			};
			name = Release;
		};
		8F6223F81AEFEC9F007EF38C /* Debug */ = {
			isa = XCBuildConfiguration;
			buildSettings = {
				BUNDLE_LOADER = "$(TEST_HOST)";
				FRAMEWORK_SEARCH_PATHS = (
					"$(SDKROOT)/Developer/Library/Frameworks",
					"$(inherited)",
				);
				GCC_PREPROCESSOR_DEFINITIONS = (
					"DEBUG=1",
					"$(inherited)",
				);
				INFOPLIST_FILE = GithubDisplayerTests/Info.plist;
				LD_RUNPATH_SEARCH_PATHS = "$(inherited) @executable_path/Frameworks @loader_path/Frameworks";
				PRODUCT_NAME = "$(TARGET_NAME)";
				TEST_HOST = "$(BUILT_PRODUCTS_DIR)/GithubDisplayer.app/GithubDisplayer";
			};
			name = Debug;
		};
		8F6223F91AEFEC9F007EF38C /* Release */ = {
			isa = XCBuildConfiguration;
			buildSettings = {
				BUNDLE_LOADER = "$(TEST_HOST)";
				FRAMEWORK_SEARCH_PATHS = (
					"$(SDKROOT)/Developer/Library/Frameworks",
					"$(inherited)",
				);
				INFOPLIST_FILE = GithubDisplayerTests/Info.plist;
				LD_RUNPATH_SEARCH_PATHS = "$(inherited) @executable_path/Frameworks @loader_path/Frameworks";
				PRODUCT_NAME = "$(TARGET_NAME)";
				TEST_HOST = "$(BUILT_PRODUCTS_DIR)/GithubDisplayer.app/GithubDisplayer";
			};
			name = Release;
		};
/* End XCBuildConfiguration section */

/* Begin XCConfigurationList section */
		8F6223CD1AEFEC9F007EF38C /* Build configuration list for PBXProject "GithubDisplayer" */ = {
			isa = XCConfigurationList;
			buildConfigurations = (
				8F6223F21AEFEC9F007EF38C /* Debug */,
				8F6223F31AEFEC9F007EF38C /* Release */,
			);
			defaultConfigurationIsVisible = 0;
			defaultConfigurationName = Release;
		};
		8F6223F41AEFEC9F007EF38C /* Build configuration list for PBXNativeTarget "GithubDisplayer" */ = {
			isa = XCConfigurationList;
			buildConfigurations = (
				8F6223F51AEFEC9F007EF38C /* Debug */,
				8F6223F61AEFEC9F007EF38C /* Release */,
			);
			defaultConfigurationIsVisible = 0;
			defaultConfigurationName = Release;
		};
		8F6223F71AEFEC9F007EF38C /* Build configuration list for PBXNativeTarget "GithubDisplayerTests" */ = {
			isa = XCConfigurationList;
			buildConfigurations = (
				8F6223F81AEFEC9F007EF38C /* Debug */,
				8F6223F91AEFEC9F007EF38C /* Release */,
			);
			defaultConfigurationIsVisible = 0;
			defaultConfigurationName = Release;
		};
/* End XCConfigurationList section */

/* Begin XCVersionGroup section */
		8F6223D91AEFEC9F007EF38C /* GithubDisplayer.xcdatamodeld */ = {
			isa = XCVersionGroup;
			children = (
				8F6223DA1AEFEC9F007EF38C /* GithubDisplayer.xcdatamodel */,
			);
			currentVersion = 8F6223DA1AEFEC9F007EF38C /* GithubDisplayer.xcdatamodel */;
			path = GithubDisplayer.xcdatamodeld;
			sourceTree = "<group>";
			versionGroupType = wrapper.xcdatamodel;
		};
/* End XCVersionGroup section */
	};
	rootObject = 8F6223CA1AEFEC9F007EF38C /* Project object */;
}
